hash: 3a2dc6cccfdccc2ff441e93ed6f9f2e356cd9b6a9a704d79bdce092dc9958e23
updated: 2016-07-29T14:52:14.683143595-07:00
imports:
- name: github.com/golang/gddo
  version: b828973d90f4eab765195d0a64daf0f661082396
  subpackages:
  - httputil
- name: github.com/golang/glog
  version: 23def4e6c14b4da8ac2ed8007337bc5eb5007998
- name: github.com/golang/protobuf
  version: c3cefd437628a0b7d31b34fe44b3a7a540e98527
  subpackages:
  - proto
- name: github.com/julienschmidt/httprouter
  version: fb79d6a91d3e4a9ecb6d945b218d78fc0d9b1939
- name: github.com/mholt/binding
  version: 89411c4ffb61f0ebef45d8bdb830103b358ef9fa
- name: github.com/onsi/ginkgo
  version: 462326b1628e124b23f42e87a8f2750e3c4e2d24
  subpackages:
  - config
  - internal/codelocation
  - internal/failer
  - internal/remote
  - internal/suite
  - internal/testingtproxy
  - internal/writer
  - reporters
  - reporters/stenographer
  - types
  - internal/containernode
  - internal/leafnodes
  - internal/spec
  - internal/specrunner
- name: github.com/onsi/gomega
  version: 9ed8da19f2156b87a803a8fdf6d126f627a12db1
  subpackages:
  - internal/assertion
  - internal/asyncassertion
  - internal/testingtsupport
  - matchers
  - types
  - internal/oraclematcher
  - format
  - matchers/support/goraph/bipartitegraph
  - matchers/support/goraph/edge
  - matchers/support/goraph/node
  - matchers/support/goraph/util
- name: github.com/tylerb/graceful
  version: c838c13b2beeea4f4f54496da96a3a6ae567c37a
- name: golang.org/x/crypto
  version: 911fafb28f4ee7c7bd483539a6c96190bbbccc3f
  subpackages:
  - bcrypt
  - blowfish
- name: google.golang.org/cloud
  version: 30fab6304c9888af49f1884cf4eddad7027e2e7b
  subpackages:
  - compute/metadata
- name: gopkg.in/yaml.v2
  version: e4d366fc3c7938e2958e662b4258c7a89e1f0e3e
testImports: []
