hash: cfedca30bf70b6d3a4d71a2c48c1079942e8ace376d4a66f4466d93f94048546
updated: 2016-07-21T00:29:42.681029369-04:00
imports:
- name: github.com/golang/glog
  version: 23def4e6c14b4da8ac2ed8007337bc5eb5007998
- name: github.com/golang/protobuf
  version: 874264fbbb43f4d91e999fecb4b40143ed611400
  subpackages:
  - proto
- name: github.com/julienschmidt/httprouter
  version: fb79d6a91d3e4a9ecb6d945b218d78fc0d9b1939
- name: github.com/mholt/binding
  version: 89411c4ffb61f0ebef45d8bdb830103b358ef9fa
- name: github.com/onsi/ginkgo
  version: 462326b1628e124b23f42e87a8f2750e3c4e2d24
  subpackages:
  - config
  - internal/codelocation
  - internal/failer
  - internal/remote
  - internal/suite
  - internal/testingtproxy
  - internal/writer
  - reporters
  - reporters/stenographer
  - types
  - internal/containernode
  - internal/leafnodes
  - internal/spec
  - internal/specrunner
- name: github.com/onsi/gomega
  version: 9ed8da19f2156b87a803a8fdf6d126f627a12db1
  subpackages:
  - internal/assertion
  - internal/asyncassertion
  - internal/testingtsupport
  - matchers
  - types
  - internal/oraclematcher
  - format
  - matchers/support/goraph/bipartitegraph
  - matchers/support/goraph/edge
  - matchers/support/goraph/node
  - matchers/support/goraph/util
- name: github.com/tylerb/graceful
  version: d7d7a205e779a4738d38eda0671fff8bfc965f14
- name: golang.org/x/crypto
  version: 911fafb28f4ee7c7bd483539a6c96190bbbccc3f
  subpackages:
  - bcrypt
  - blowfish
- name: gopkg.in/yaml.v2
  version: e4d366fc3c7938e2958e662b4258c7a89e1f0e3e
testImports: []
